
Microsoft Visual Studio Solution File, Format Version 12.00
# Visual Studio Version 17
VisualStudioVersion = 17.0.31912.275
MinimumVisualStudioVersion = 10.0.40219.1
Project("{9A19103F-16F7-4668-BE54-9A1E7A4F7556}") = "Ictx.WebApp.Api", "src\Ictx.WebApp.Api\Ictx.WebApp.Api.csproj", "{10F534CD-BBAE-44D9-823D-2B449C31890C}"
EndProject
Project("{9A19103F-16F7-4668-BE54-9A1E7A4F7556}") = "Ictx.WebApp.Core", "src\Ictx.WebApp.Core\Ictx.WebApp.Core.csproj", "{7BB15827-513D-4C26-BBE5-4AA92BFB6D4C}"
EndProject
Project("{2150E333-8FDC-42A3-9474-1A3956D46DE8}") = "src", "src", "{E419D7D5-98D8-4A9F-891F-FBE684475272}"
EndProject
Project("{2150E333-8FDC-42A3-9474-1A3956D46DE8}") = "templates", "templates", "{D17ED816-A1F7-4906-9E51-989EE1772FEE}"
EndProject
Project("{2150E333-8FDC-42A3-9474-1A3956D46DE8}") = "mail", "mail", "{1B67EFF5-C646-4DCE-9599-CE25C438D097}"
EndProject
Project("{9A19103F-16F7-4668-BE54-9A1E7A4F7556}") = "Ictx.WebApp.Templates.Mail", "src\Ictx.WebApp.Templates.Mail\Ictx.WebApp.Templates.Mail.csproj", "{FC44E7A9-96CB-472D-862D-CD8C7235EB7C}"
EndProject
Global
	GlobalSection(SolutionConfigurationPlatforms) = preSolution
		Debug|Any CPU = Debug|Any CPU
		Release|Any CPU = Release|Any CPU
	EndGlobalSection
	GlobalSection(ProjectConfigurationPlatforms) = postSolution
		{10F534CD-BBAE-44D9-823D-2B449C31890C}.Debug|Any CPU.ActiveCfg = Debug|Any CPU
		{10F534CD-BBAE-44D9-823D-2B449C31890C}.Debug|Any CPU.Build.0 = Debug|Any CPU
		{10F534CD-BBAE-44D9-823D-2B449C31890C}.Release|Any CPU.ActiveCfg = Release|Any CPU
		{10F534CD-BBAE-44D9-823D-2B449C31890C}.Release|Any CPU.Build.0 = Release|Any CPU
		{7BB15827-513D-4C26-BBE5-4AA92BFB6D4C}.Debug|Any CPU.ActiveCfg = Debug|Any CPU
		{7BB15827-513D-4C26-BBE5-4AA92BFB6D4C}.Debug|Any CPU.Build.0 = Debug|Any CPU
		{7BB15827-513D-4C26-BBE5-4AA92BFB6D4C}.Release|Any CPU.ActiveCfg = Release|Any CPU
		{7BB15827-513D-4C26-BBE5-4AA92BFB6D4C}.Release|Any CPU.Build.0 = Release|Any CPU
		{FC44E7A9-96CB-472D-862D-CD8C7235EB7C}.Debug|Any CPU.ActiveCfg = Debug|Any CPU
		{FC44E7A9-96CB-472D-862D-CD8C7235EB7C}.Debug|Any CPU.Build.0 = Debug|Any CPU
		{FC44E7A9-96CB-472D-862D-CD8C7235EB7C}.Release|Any CPU.ActiveCfg = Release|Any CPU
		{FC44E7A9-96CB-472D-862D-CD8C7235EB7C}.Release|Any CPU.Build.0 = Release|Any CPU
	EndGlobalSection
	GlobalSection(SolutionProperties) = preSolution
		HideSolutionNode = FALSE
	EndGlobalSection
	GlobalSection(NestedProjects) = preSolution
		{10F534CD-BBAE-44D9-823D-2B449C31890C} = {E419D7D5-98D8-4A9F-891F-FBE684475272}
		{7BB15827-513D-4C26-BBE5-4AA92BFB6D4C} = {E419D7D5-98D8-4A9F-891F-FBE684475272}
		{D17ED816-A1F7-4906-9E51-989EE1772FEE} = {E419D7D5-98D8-4A9F-891F-FBE684475272}
		{1B67EFF5-C646-4DCE-9599-CE25C438D097} = {D17ED816-A1F7-4906-9E51-989EE1772FEE}
		{FC44E7A9-96CB-472D-862D-CD8C7235EB7C} = {1B67EFF5-C646-4DCE-9599-CE25C438D097}
	EndGlobalSection
	GlobalSection(ExtensibilityGlobals) = postSolution
		SolutionGuid = {02F1E8A1-0CE9-4B9A-BD37-3F1F1EF7D0CF}
	EndGlobalSection
EndGlobal
